// !$*UTF8*$!
{
	archiveVersion = 1;
	classes = {
	};
	objectVersion = 50;
	objects = {

/* Begin PBXBuildFile section */
		2D2EC42A24CC8E1500E1DA8A /* CanvasViewModel.swift in Sources */ = {isa = PBXBuildFile; fileRef = 2D2EC42924CC8E1500E1DA8A /* CanvasViewModel.swift */; };
		2D2EC42F24CC8F9800E1DA8A /* Drawing+CoreDataClass.swift in Sources */ = {isa = PBXBuildFile; fileRef = 2D2EC42B24CC8F9800E1DA8A /* Drawing+CoreDataClass.swift */; };
		2D2EC43024CC8F9800E1DA8A /* Drawing+CoreDataProperties.swift in Sources */ = {isa = PBXBuildFile; fileRef = 2D2EC42C24CC8F9800E1DA8A /* Drawing+CoreDataProperties.swift */; };
		2D2EC43124CC8F9800E1DA8A /* Brushstroke+CoreDataClass.swift in Sources */ = {isa = PBXBuildFile; fileRef = 2D2EC42D24CC8F9800E1DA8A /* Brushstroke+CoreDataClass.swift */; };
		2D2EC43224CC8F9800E1DA8A /* Brushstroke+CoreDataProperties.swift in Sources */ = {isa = PBXBuildFile; fileRef = 2D2EC42E24CC8F9800E1DA8A /* Brushstroke+CoreDataProperties.swift */; };
		2D62ED0E24CC3B4100E20525 /* AppDelegate.swift in Sources */ = {isa = PBXBuildFile; fileRef = 2D62ED0D24CC3B4100E20525 /* AppDelegate.swift */; };
		2D62ED1124CC3B4200E20525 /* drawapp.xcdatamodeld in Sources */ = {isa = PBXBuildFile; fileRef = 2D62ED0F24CC3B4100E20525 /* drawapp.xcdatamodeld */; };
		2D62ED1324CC3B4200E20525 /* SceneDelegate.swift in Sources */ = {isa = PBXBuildFile; fileRef = 2D62ED1224CC3B4200E20525 /* SceneDelegate.swift */; };
		2D62ED1524CC3B4200E20525 /* MasterViewController.swift in Sources */ = {isa = PBXBuildFile; fileRef = 2D62ED1424CC3B4200E20525 /* MasterViewController.swift */; };
		2D62ED1724CC3B4200E20525 /* DetailViewController.swift in Sources */ = {isa = PBXBuildFile; fileRef = 2D62ED1624CC3B4200E20525 /* DetailViewController.swift */; };
		2D62ED1A24CC3B4200E20525 /* Main.storyboard in Resources */ = {isa = PBXBuildFile; fileRef = 2D62ED1824CC3B4200E20525 /* Main.storyboard */; };
		2D62ED1C24CC3B4500E20525 /* Assets.xcassets in Resources */ = {isa = PBXBuildFile; fileRef = 2D62ED1B24CC3B4500E20525 /* Assets.xcassets */; };
		2D62ED1F24CC3B4500E20525 /* LaunchScreen.storyboard in Resources */ = {isa = PBXBuildFile; fileRef = 2D62ED1D24CC3B4500E20525 /* LaunchScreen.storyboard */; };
		2D62ED3224CC414500E20525 /* CanvasView.swift in Sources */ = {isa = PBXBuildFile; fileRef = 2D62ED3124CC414500E20525 /* CanvasView.swift */; };
/* End PBXBuildFile section */

/* Begin PBXFileReference section */
		2D2EC42924CC8E1500E1DA8A /* CanvasViewModel.swift */ = {isa = PBXFileReference; lastKnownFileType = sourcecode.swift; path = CanvasViewModel.swift; sourceTree = "<group>"; };
		2D2EC42B24CC8F9800E1DA8A /* Drawing+CoreDataClass.swift */ = {isa = PBXFileReference; lastKnownFileType = sourcecode.swift; path = "Drawing+CoreDataClass.swift"; sourceTree = "<group>"; };
		2D2EC42C24CC8F9800E1DA8A /* Drawing+CoreDataProperties.swift */ = {isa = PBXFileReference; lastKnownFileType = sourcecode.swift; path = "Drawing+CoreDataProperties.swift"; sourceTree = "<group>"; };
		2D2EC42D24CC8F9800E1DA8A /* Brushstroke+CoreDataClass.swift */ = {isa = PBXFileReference; lastKnownFileType = sourcecode.swift; path = "Brushstroke+CoreDataClass.swift"; sourceTree = "<group>"; };
		2D2EC42E24CC8F9800E1DA8A /* Brushstroke+CoreDataProperties.swift */ = {isa = PBXFileReference; lastKnownFileType = sourcecode.swift; path = "Brushstroke+CoreDataProperties.swift"; sourceTree = "<group>"; };
		2D62ED0A24CC3B4100E20525 /* Drawing App.app */ = {isa = PBXFileReference; explicitFileType = wrapper.application; includeInIndex = 0; path = "Drawing App.app"; sourceTree = BUILT_PRODUCTS_DIR; };
		2D62ED0D24CC3B4100E20525 /* AppDelegate.swift */ = {isa = PBXFileReference; lastKnownFileType = sourcecode.swift; path = AppDelegate.swift; sourceTree = "<group>"; };
		2D62ED1024CC3B4100E20525 /* drawapp.xcdatamodel */ = {isa = PBXFileReference; lastKnownFileType = wrapper.xcdatamodel; path = drawapp.xcdatamodel; sourceTree = "<group>"; };
		2D62ED1224CC3B4200E20525 /* SceneDelegate.swift */ = {isa = PBXFileReference; lastKnownFileType = sourcecode.swift; path = SceneDelegate.swift; sourceTree = "<group>"; };
		2D62ED1424CC3B4200E20525 /* MasterViewController.swift */ = {isa = PBXFileReference; lastKnownFileType = sourcecode.swift; path = MasterViewController.swift; sourceTree = "<group>"; };
		2D62ED1624CC3B4200E20525 /* DetailViewController.swift */ = {isa = PBXFileReference; lastKnownFileType = sourcecode.swift; path = DetailViewController.swift; sourceTree = "<group>"; };
		2D62ED1924CC3B4200E20525 /* Base */ = {isa = PBXFileReference; lastKnownFileType = file.storyboard; name = Base; path = Base.lproj/Main.storyboard; sourceTree = "<group>"; };
		2D62ED1B24CC3B4500E20525 /* Assets.xcassets */ = {isa = PBXFileReference; lastKnownFileType = folder.assetcatalog; path = Assets.xcassets; sourceTree = "<group>"; };
		2D62ED1E24CC3B4500E20525 /* Base */ = {isa = PBXFileReference; lastKnownFileType = file.storyboard; name = Base; path = Base.lproj/LaunchScreen.storyboard; sourceTree = "<group>"; };
		2D62ED2024CC3B4500E20525 /* Info.plist */ = {isa = PBXFileReference; lastKnownFileType = text.plist.xml; path = Info.plist; sourceTree = "<group>"; };
		2D62ED3124CC414500E20525 /* CanvasView.swift */ = {isa = PBXFileReference; fileEncoding = 4; lastKnownFileType = sourcecode.swift; path = CanvasView.swift; sourceTree = "<group>"; };
		2DC4CCE024CC95700098A1E1 /* CoreData.framework */ = {isa = PBXFileReference; lastKnownFileType = wrapper.framework; name = CoreData.framework; path = System/Library/Frameworks/CoreData.framework; sourceTree = SDKROOT; };
/* End PBXFileReference section */

/* Begin PBXFrameworksBuildPhase section */
		2D62ED0724CC3B4100E20525 /* Frameworks */ = {
			isa = PBXFrameworksBuildPhase;
			buildActionMask = 2147483647;
			files = (
			);
			runOnlyForDeploymentPostprocessing = 0;
		};
/* End PBXFrameworksBuildPhase section */

/* Begin PBXGroup section */
		2D2EC43324CC8FB500E1DA8A /* Core Data */ = {
			isa = PBXGroup;
			children = (
				2D2EC42B24CC8F9800E1DA8A /* Drawing+CoreDataClass.swift */,
				2D2EC42C24CC8F9800E1DA8A /* Drawing+CoreDataProperties.swift */,
				2D2EC42D24CC8F9800E1DA8A /* Brushstroke+CoreDataClass.swift */,
				2D2EC42E24CC8F9800E1DA8A /* Brushstroke+CoreDataProperties.swift */,
			);
			path = "Core Data";
			sourceTree = "<group>";
		};
		2D62ED0124CC3B4100E20525 = {
			isa = PBXGroup;
			children = (
				2D62ED0C24CC3B4100E20525 /* drawapp */,
				2D62ED0B24CC3B4100E20525 /* Products */,
				2DC4CCDF24CC95700098A1E1 /* Frameworks */,
			);
			sourceTree = "<group>";
		};
		2D62ED0B24CC3B4100E20525 /* Products */ = {
			isa = PBXGroup;
			children = (
				2D62ED0A24CC3B4100E20525 /* Drawing App.app */,
			);
			name = Products;
			sourceTree = "<group>";
		};
		2D62ED0C24CC3B4100E20525 /* drawapp */ = {
			isa = PBXGroup;
			children = (
				2D62ED0D24CC3B4100E20525 /* AppDelegate.swift */,
				2D2EC43324CC8FB500E1DA8A /* Core Data */,
				2D62ED1224CC3B4200E20525 /* SceneDelegate.swift */,
				2D62ED1424CC3B4200E20525 /* MasterViewController.swift */,
				2D62ED3124CC414500E20525 /* CanvasView.swift */,
				2D2EC42924CC8E1500E1DA8A /* CanvasViewModel.swift */,
				2D62ED1624CC3B4200E20525 /* DetailViewController.swift */,
				2D62ED1824CC3B4200E20525 /* Main.storyboard */,
				2D62ED1B24CC3B4500E20525 /* Assets.xcassets */,
				2D62ED1D24CC3B4500E20525 /* LaunchScreen.storyboard */,
				2D62ED2024CC3B4500E20525 /* Info.plist */,
				2D62ED0F24CC3B4100E20525 /* drawapp.xcdatamodeld */,
			);
			path = drawapp;
			sourceTree = "<group>";
		};
		2DC4CCDF24CC95700098A1E1 /* Frameworks */ = {
			isa = PBXGroup;
			children = (
				2DC4CCE024CC95700098A1E1 /* CoreData.framework */,
			);
			name = Frameworks;
			sourceTree = "<group>";
		};
/* End PBXGroup section */

/* Begin PBXNativeTarget section */
		2D62ED0924CC3B4100E20525 /* drawapp */ = {
			isa = PBXNativeTarget;
			buildConfigurationList = 2D62ED2324CC3B4500E20525 /* Build configuration list for PBXNativeTarget "drawapp" */;
			buildPhases = (
				2D62ED0624CC3B4100E20525 /* Sources */,
				2D62ED0724CC3B4100E20525 /* Frameworks */,
				2D62ED0824CC3B4100E20525 /* Resources */,
			);
			buildRules = (
			);
			dependencies = (
			);
			name = drawapp;
			productName = drawapp;
			productReference = 2D62ED0A24CC3B4100E20525 /* Drawing App.app */;
			productType = "com.apple.product-type.application";
		};
/* End PBXNativeTarget section */

/* Begin PBXProject section */
		2D62ED0224CC3B4100E20525 /* Project object */ = {
			isa = PBXProject;
			attributes = {
				LastSwiftUpdateCheck = 1160;
				LastUpgradeCheck = 1160;
				ORGANIZATIONNAME = "Michael Dimore";
				TargetAttributes = {
					2D62ED0924CC3B4100E20525 = {
						CreatedOnToolsVersion = 11.6;
					};
				};
			};
			buildConfigurationList = 2D62ED0524CC3B4100E20525 /* Build configuration list for PBXProject "drawapp" */;
			compatibilityVersion = "Xcode 9.3";
			developmentRegion = en;
			hasScannedForEncodings = 0;
			knownRegions = (
				en,
				Base,
			);
			mainGroup = 2D62ED0124CC3B4100E20525;
			productRefGroup = 2D62ED0B24CC3B4100E20525 /* Products */;
			projectDirPath = "";
			projectRoot = "";
			targets = (
				2D62ED0924CC3B4100E20525 /* drawapp */,
			);
		};
/* End PBXProject section */

/* Begin PBXResourcesBuildPhase section */
		2D62ED0824CC3B4100E20525 /* Resources */ = {
			isa = PBXResourcesBuildPhase;
			buildActionMask = 2147483647;
			files = (
				2D62ED1F24CC3B4500E20525 /* LaunchScreen.storyboard in Resources */,
				2D62ED1C24CC3B4500E20525 /* Assets.xcassets in Resources */,
				2D62ED1A24CC3B4200E20525 /* Main.storyboard in Resources */,
			);
			runOnlyForDeploymentPostprocessing = 0;
		};
/* End PBXResourcesBuildPhase section */

/* Begin PBXSourcesBuildPhase section */
		2D62ED0624CC3B4100E20525 /* Sources */ = {
			isa = PBXSourcesBuildPhase;
			buildActionMask = 2147483647;
			files = (
				2D2EC43024CC8F9800E1DA8A /* Drawing+CoreDataProperties.swift in Sources */,
				2D62ED1524CC3B4200E20525 /* MasterViewController.swift in Sources */,
				2D62ED0E24CC3B4100E20525 /* AppDelegate.swift in Sources */,
				2D62ED1724CC3B4200E20525 /* DetailViewController.swift in Sources */,
				2D62ED3224CC414500E20525 /* CanvasView.swift in Sources */,
				2D62ED1124CC3B4200E20525 /* drawapp.xcdatamodeld in Sources */,
				2D2EC43124CC8F9800E1DA8A /* Brushstroke+CoreDataClass.swift in Sources */,
				2D62ED1324CC3B4200E20525 /* SceneDelegate.swift in Sources */,
				2D2EC43224CC8F9800E1DA8A /* Brushstroke+CoreDataProperties.swift in Sources */,
				2D2EC42F24CC8F9800E1DA8A /* Drawing+CoreDataClass.swift in Sources */,
				2D2EC42A24CC8E1500E1DA8A /* CanvasViewModel.swift in Sources */,
			);
			runOnlyForDeploymentPostprocessing = 0;
		};
/* End PBXSourcesBuildPhase section */

/* Begin PBXVariantGroup section */
		2D62ED1824CC3B4200E20525 /* Main.storyboard */ = {
			isa = PBXVariantGroup;
			children = (
				2D62ED1924CC3B4200E20525 /* Base */,
			);
			name = Main.storyboard;
			sourceTree = "<group>";
		};
		2D62ED1D24CC3B4500E20525 /* LaunchScreen.storyboard */ = {
			isa = PBXVariantGroup;
			children = (
				2D62ED1E24CC3B4500E20525 /* Base */,
			);
			name = LaunchScreen.storyboard;
			sourceTree = "<group>";
		};
/* End PBXVariantGroup section */

/* Begin XCBuildConfiguration section */
		2D62ED2124CC3B4500E20525 /* Debug */ = {
			isa = XCBuildConfiguration;
			buildSettings = {
				ALWAYS_SEARCH_USER_PATHS = NO;
				CLANG_ANALYZER_NONNULL = YES;
				CLANG_ANALYZER_NUMBER_OBJECT_CONVERSION = YES_AGGRESSIVE;
				CLANG_CXX_LANGUAGE_STANDARD = "gnu++14";
				CLANG_CXX_LIBRARY = "libc++";
				CLANG_ENABLE_MODULES = YES;
				CLANG_ENABLE_OBJC_ARC = YES;
				CLANG_ENABLE_OBJC_WEAK = YES;
				CLANG_WARN_BLOCK_CAPTURE_AUTORELEASING = YES;
				CLANG_WARN_BOOL_CONVERSION = YES;
				CLANG_WARN_COMMA = YES;
				CLANG_WARN_CONSTANT_CONVERSION = YES;
				CLANG_WARN_DEPRECATED_OBJC_IMPLEMENTATIONS = YES;
				CLANG_WARN_DIRECT_OBJC_ISA_USAGE = YES_ERROR;
				CLANG_WARN_DOCUMENTATION_COMMENTS = YES;
				CLANG_WARN_EMPTY_BODY = YES;
				CLANG_WARN_ENUM_CONVERSION = YES;
				CLANG_WARN_INFINITE_RECURSION = YES;
				CLANG_WARN_INT_CONVERSION = YES;
				CLANG_WARN_NON_LITERAL_NULL_CONVERSION = YES;
				CLANG_WARN_OBJC_IMPLICIT_RETAIN_SELF = YES;
				CLANG_WARN_OBJC_LITERAL_CONVERSION = YES;
				CLANG_WARN_OBJC_ROOT_CLASS = YES_ERROR;
				CLANG_WARN_RANGE_LOOP_ANALYSIS = YES;
				CLANG_WARN_STRICT_PROTOTYPES = YES;
				CLANG_WARN_SUSPICIOUS_MOVE = YES;
				CLANG_WARN_UNGUARDED_AVAILABILITY = YES_AGGRESSIVE;
				CLANG_WARN_UNREACHABLE_CODE = YES;
				CLANG_WARN__DUPLICATE_METHOD_MATCH = YES;
				COPY_PHASE_STRIP = NO;
				DEBUG_INFORMATION_FORMAT = dwarf;
				ENABLE_STRICT_OBJC_MSGSEND = YES;
				ENABLE_TESTABILITY = YES;
				GCC_C_LANGUAGE_STANDARD = gnu11;
				GCC_DYNAMIC_NO_PIC = NO;
				GCC_NO_COMMON_BLOCKS = YES;
				GCC_OPTIMIZATION_LEVEL = 0;
				GCC_PREPROCESSOR_DEFINITIONS = (
					"DEBUG=1",
					"$(inherited)",
				);
				GCC_WARN_64_TO_32_BIT_CONVERSION = YES;
				GCC_WARN_ABOUT_RETURN_TYPE = YES_ERROR;
				GCC_WARN_UNDECLARED_SELECTOR = YES;
				GCC_WARN_UNINITIALIZED_AUTOS = YES_AGGRESSIVE;
				GCC_WARN_UNUSED_FUNCTION = YES;
				GCC_WARN_UNUSED_VARIABLE = YES;
				IPHONEOS_DEPLOYMENT_TARGET = 13.6;
				MTL_ENABLE_DEBUG_INFO = INCLUDE_SOURCE;
				MTL_FAST_MATH = YES;
				ONLY_ACTIVE_ARCH = YES;
				SDKROOT = iphoneos;
				SWIFT_ACTIVE_COMPILATION_CONDITIONS = DEBUG;
				SWIFT_OPTIMIZATION_LEVEL = "-Onone";
			};
			name = Debug;
		};
		2D62ED2224CC3B4500E20525 /* Release */ = {
			isa = XCBuildConfiguration;
			buildSettings = {
				ALWAYS_SEARCH_USER_PATHS = NO;
				CLANG_ANALYZER_NONNULL = YES;
				CLANG_ANALYZER_NUMBER_OBJECT_CONVERSION = YES_AGGRESSIVE;
				CLANG_CXX_LANGUAGE_STANDARD = "gnu++14";
				CLANG_CXX_LIBRARY = "libc++";
				CLANG_ENABLE_MODULES = YES;
				CLANG_ENABLE_OBJC_ARC = YES;
				CLANG_ENABLE_OBJC_WEAK = YES;
				CLANG_WARN_BLOCK_CAPTURE_AUTORELEASING = YES;
				CLANG_WARN_BOOL_CONVERSION = YES;
				CLANG_WARN_COMMA = YES;
				CLANG_WARN_CONSTANT_CONVERSION = YES;
				CLANG_WARN_DEPRECATED_OBJC_IMPLEMENTATIONS = YES;
				CLANG_WARN_DIRECT_OBJC_ISA_USAGE = YES_ERROR;
				CLANG_WARN_DOCUMENTATION_COMMENTS = YES;
				CLANG_WARN_EMPTY_BODY = YES;
				CLANG_WARN_ENUM_CONVERSION = YES;
				CLANG_WARN_INFINITE_RECURSION = YES;
				CLANG_WARN_INT_CONVERSION = YES;
				CLANG_WARN_NON_LITERAL_NULL_CONVERSION = YES;
				CLANG_WARN_OBJC_IMPLICIT_RETAIN_SELF = YES;
				CLANG_WARN_OBJC_LITERAL_CONVERSION = YES;
				CLANG_WARN_OBJC_ROOT_CLASS = YES_ERROR;
				CLANG_WARN_RANGE_LOOP_ANALYSIS = YES;
				CLANG_WARN_STRICT_PROTOTYPES = YES;
				CLANG_WARN_SUSPICIOUS_MOVE = YES;
				CLANG_WARN_UNGUARDED_AVAILABILITY = YES_AGGRESSIVE;
				CLANG_WARN_UNREACHABLE_CODE = YES;
				CLANG_WARN__DUPLICATE_METHOD_MATCH = YES;
				COPY_PHASE_STRIP = NO;
				DEBUG_INFORMATION_FORMAT = "dwarf-with-dsym";
				ENABLE_NS_ASSERTIONS = NO;
				ENABLE_STRICT_OBJC_MSGSEND = YES;
				GCC_C_LANGUAGE_STANDARD = gnu11;
				GCC_NO_COMMON_BLOCKS = YES;
				GCC_WARN_64_TO_32_BIT_CONVERSION = YES;
				GCC_WARN_ABOUT_RETURN_TYPE = YES_ERROR;
				GCC_WARN_UNDECLARED_SELECTOR = YES;
				GCC_WARN_UNINITIALIZED_AUTOS = YES_AGGRESSIVE;
				GCC_WARN_UNUSED_FUNCTION = YES;
				GCC_WARN_UNUSED_VARIABLE = YES;
				IPHONEOS_DEPLOYMENT_TARGET = 13.6;
				MTL_ENABLE_DEBUG_INFO = NO;
				MTL_FAST_MATH = YES;
				SDKROOT = iphoneos;
				SWIFT_COMPILATION_MODE = wholemodule;
				SWIFT_OPTIMIZATION_LEVEL = "-O";
				VALIDATE_PRODUCT = YES;
			};
			name = Release;
		};
		2D62ED2424CC3B4500E20525 /* Debug */ = {
			isa = XCBuildConfiguration;
			buildSettings = {
				ASSETCATALOG_COMPILER_APPICON_NAME = AppIcon;
				CLANG_ALLOW_NON_MODULAR_INCLUDES_IN_FRAMEWORK_MODULES = NO;
				CODE_SIGN_STYLE = Automatic;
				DEVELOPMENT_TEAM = Z56G8V2664;
				INFOPLIST_FILE = drawapp/Info.plist;
				IPHONEOS_DEPLOYMENT_TARGET = 13.1;
				LD_RUNPATH_SEARCH_PATHS = (
					"$(inherited)",
					"@executable_path/Frameworks",
				);
				PRODUCT_BUNDLE_IDENTIFIER = com.mikedimore.drawapp;
				PRODUCT_NAME = "Drawing App";
				SWIFT_VERSION = 5.0;
				TARGETED_DEVICE_FAMILY = 1;
			};
			name = Debug;
		};
		2D62ED2524CC3B4500E20525 /* Release */ = {
			isa = XCBuildConfiguration;
			buildSettings = {
				ASSETCATALOG_COMPILER_APPICON_NAME = AppIcon;
				CLANG_ALLOW_NON_MODULAR_INCLUDES_IN_FRAMEWORK_MODULES = NO;
				CODE_SIGN_STYLE = Automatic;
				DEVELOPMENT_TEAM = Z56G8V2664;
				INFOPLIST_FILE = drawapp/Info.plist;
				IPHONEOS_DEPLOYMENT_TARGET = 13.1;
				LD_RUNPATH_SEARCH_PATHS = (
					"$(inherited)",
					"@executable_path/Frameworks",
				);
				PRODUCT_BUNDLE_IDENTIFIER = com.mikedimore.drawapp;
				PRODUCT_NAME = "Drawing App";
				SWIFT_VERSION = 5.0;
				TARGETED_DEVICE_FAMILY = 1;
			};
			name = Release;
		};
/* End XCBuildConfiguration section */

/* Begin XCConfigurationList section */
		2D62ED0524CC3B4100E20525 /* Build configuration list for PBXProject "drawapp" */ = {
			isa = XCConfigurationList;
			buildConfigurations = (
				2D62ED2124CC3B4500E20525 /* Debug */,
				2D62ED2224CC3B4500E20525 /* Release */,
			);
			defaultConfigurationIsVisible = 0;
			defaultConfigurationName = Release;
		};
		2D62ED2324CC3B4500E20525 /* Build configuration list for PBXNativeTarget "drawapp" */ = {
			isa = XCConfigurationList;
			buildConfigurations = (
				2D62ED2424CC3B4500E20525 /* Debug */,
				2D62ED2524CC3B4500E20525 /* Release */,
			);
			defaultConfigurationIsVisible = 0;
			defaultConfigurationName = Release;
		};
/* End XCConfigurationList section */

/* Begin XCVersionGroup section */
		2D62ED0F24CC3B4100E20525 /* drawapp.xcdatamodeld */ = {
			isa = XCVersionGroup;
			children = (
				2D62ED1024CC3B4100E20525 /* drawapp.xcdatamodel */,
			);
			currentVersion = 2D62ED1024CC3B4100E20525 /* drawapp.xcdatamodel */;
			path = drawapp.xcdatamodeld;
			sourceTree = "<group>";
			versionGroupType = wrapper.xcdatamodel;
		};
/* End XCVersionGroup section */
	};
	rootObject = 2D62ED0224CC3B4100E20525 /* Project object */;
}
